
Microsoft Visual Studio Solution File, Format Version 12.00
# Visual Studio Version 17
VisualStudioVersion = 17.7.34221.43
MinimumVisualStudioVersion = 10.0.40219.1
Project("{9A19103F-16F7-4668-BE54-9A1E7A4F7556}") = "joemvc", "joemvc\joemvc.csproj", "{C1F0D877-4D96-428F-B340-BA7122A4C106}"
EndProject
Project("{FAE04EC0-301F-11D3-BF4B-00C04F79EFBC}") = "ClassLibrary", "ClassLibrary\ClassLibrary.csproj", "{A2A4863A-C497-44C8-BDB9-62EEA03565CB}"
EndProject
Project("{FAE04EC0-301F-11D3-BF4B-00C04F79EFBC}") = "UnitTestProject", "UnitTestProject\UnitTestProject.csproj", "{28A28284-BA24-47B5-8745-D62A974B5E58}"
EndProject
Project("{FAE04EC0-301F-11D3-BF4B-00C04F79EFBC}") = "SpecFlowProject", "SpecFlowProject\SpecFlowProject.csproj", "{CC57DD59-E382-4125-A9E1-29D2041108CA}"
EndProject
Global
	GlobalSection(SolutionConfigurationPlatforms) = preSolution
		Debug|Any CPU = Debug|Any CPU
		Release|Any CPU = Release|Any CPU
	EndGlobalSection
	GlobalSection(ProjectConfigurationPlatforms) = postSolution
		{C1F0D877-4D96-428F-B340-BA7122A4C106}.Debug|Any CPU.ActiveCfg = Debug|Any CPU
		{C1F0D877-4D96-428F-B340-BA7122A4C106}.Debug|Any CPU.Build.0 = Debug|Any CPU
		{C1F0D877-4D96-428F-B340-BA7122A4C106}.Release|Any CPU.ActiveCfg = Release|Any CPU
		{C1F0D877-4D96-428F-B340-BA7122A4C106}.Release|Any CPU.Build.0 = Release|Any CPU
		{A2A4863A-C497-44C8-BDB9-62EEA03565CB}.Debug|Any CPU.ActiveCfg = Debug|Any CPU
		{A2A4863A-C497-44C8-BDB9-62EEA03565CB}.Debug|Any CPU.Build.0 = Debug|Any CPU
		{A2A4863A-C497-44C8-BDB9-62EEA03565CB}.Release|Any CPU.ActiveCfg = Release|Any CPU
		{A2A4863A-C497-44C8-BDB9-62EEA03565CB}.Release|Any CPU.Build.0 = Release|Any CPU
		{28A28284-BA24-47B5-8745-D62A974B5E58}.Debug|Any CPU.ActiveCfg = Debug|Any CPU
		{28A28284-BA24-47B5-8745-D62A974B5E58}.Debug|Any CPU.Build.0 = Debug|Any CPU
		{28A28284-BA24-47B5-8745-D62A974B5E58}.Release|Any CPU.ActiveCfg = Release|Any CPU
		{28A28284-BA24-47B5-8745-D62A974B5E58}.Release|Any CPU.Build.0 = Release|Any CPU
		{CC57DD59-E382-4125-A9E1-29D2041108CA}.Debug|Any CPU.ActiveCfg = Debug|Any CPU
		{CC57DD59-E382-4125-A9E1-29D2041108CA}.Debug|Any CPU.Build.0 = Debug|Any CPU
		{CC57DD59-E382-4125-A9E1-29D2041108CA}.Release|Any CPU.ActiveCfg = Release|Any CPU
		{CC57DD59-E382-4125-A9E1-29D2041108CA}.Release|Any CPU.Build.0 = Release|Any CPU
	EndGlobalSection
	GlobalSection(SolutionProperties) = preSolution
		HideSolutionNode = FALSE
	EndGlobalSection
	GlobalSection(ExtensibilityGlobals) = postSolution
		SolutionGuid = {0BD37607-AF2C-401F-93A2-01639B8B32C1}
	EndGlobalSection
EndGlobal
